// !$*UTF8*$!
{
	archiveVersion = 1;
	classes = {
	};
	objectVersion = 50;
	objects = {

/* Begin PBXBuildFile section */
		2506BDD024700CB3006E4C4E /* AppDelegate.swift in Sources */ = {isa = PBXBuildFile; fileRef = 2506BDCF24700CB3006E4C4E /* AppDelegate.swift */; };
		2506BDD224700CB3006E4C4E /* SceneDelegate.swift in Sources */ = {isa = PBXBuildFile; fileRef = 2506BDD124700CB3006E4C4E /* SceneDelegate.swift */; };
		2506BDD424700CB3006E4C4E /* ContentView.swift in Sources */ = {isa = PBXBuildFile; fileRef = 2506BDD324700CB3006E4C4E /* ContentView.swift */; };
		2506BDD624700CB9006E4C4E /* Assets.xcassets in Resources */ = {isa = PBXBuildFile; fileRef = 2506BDD524700CB9006E4C4E /* Assets.xcassets */; };
		2506BDD924700CBA006E4C4E /* Preview Assets.xcassets in Resources */ = {isa = PBXBuildFile; fileRef = 2506BDD824700CBA006E4C4E /* Preview Assets.xcassets */; };
		2506BDDC24700CBA006E4C4E /* LaunchScreen.storyboard in Resources */ = {isa = PBXBuildFile; fileRef = 2506BDDA24700CBA006E4C4E /* LaunchScreen.storyboard */; };
		2506BDE524708DD4006E4C4E /* StartView.swift in Sources */ = {isa = PBXBuildFile; fileRef = 2506BDE424708DD4006E4C4E /* StartView.swift */; };
		2506BDE724708FB8006E4C4E /* GameView.swift in Sources */ = {isa = PBXBuildFile; fileRef = 2506BDE624708FB8006E4C4E /* GameView.swift */; };
		2506BDE92471C183006E4C4E /* Game.swift in Sources */ = {isa = PBXBuildFile; fileRef = 2506BDE82471C182006E4C4E /* Game.swift */; };
		2506BDEB2471D5EC006E4C4E /* WinView.swift in Sources */ = {isa = PBXBuildFile; fileRef = 2506BDEA2471D5EC006E4C4E /* WinView.swift */; };
		2506BDED2471D610006E4C4E /* LoseView.swift in Sources */ = {isa = PBXBuildFile; fileRef = 2506BDEC2471D610006E4C4E /* LoseView.swift */; };
		2506BDEF2471D62C006E4C4E /* DrawView.swift in Sources */ = {isa = PBXBuildFile; fileRef = 2506BDEE2471D62C006E4C4E /* DrawView.swift */; };
/* End PBXBuildFile section */

/* Begin PBXFileReference section */
		2506BDCC24700CB3006E4C4E /* lab_1.app */ = {isa = PBXFileReference; explicitFileType = wrapper.application; includeInIndex = 0; path = lab_1.app; sourceTree = BUILT_PRODUCTS_DIR; };
		2506BDCF24700CB3006E4C4E /* AppDelegate.swift */ = {isa = PBXFileReference; lastKnownFileType = sourcecode.swift; path = AppDelegate.swift; sourceTree = "<group>"; };
		2506BDD124700CB3006E4C4E /* SceneDelegate.swift */ = {isa = PBXFileReference; lastKnownFileType = sourcecode.swift; path = SceneDelegate.swift; sourceTree = "<group>"; };
		2506BDD324700CB3006E4C4E /* ContentView.swift */ = {isa = PBXFileReference; lastKnownFileType = sourcecode.swift; path = ContentView.swift; sourceTree = "<group>"; };
		2506BDD524700CB9006E4C4E /* Assets.xcassets */ = {isa = PBXFileReference; lastKnownFileType = folder.assetcatalog; path = Assets.xcassets; sourceTree = "<group>"; };
		2506BDD824700CBA006E4C4E /* Preview Assets.xcassets */ = {isa = PBXFileReference; lastKnownFileType = folder.assetcatalog; path = "Preview Assets.xcassets"; sourceTree = "<group>"; };
		2506BDDB24700CBA006E4C4E /* Base */ = {isa = PBXFileReference; lastKnownFileType = file.storyboard; name = Base; path = Base.lproj/LaunchScreen.storyboard; sourceTree = "<group>"; };
		2506BDDD24700CBA006E4C4E /* Info.plist */ = {isa = PBXFileReference; lastKnownFileType = text.plist.xml; path = Info.plist; sourceTree = "<group>"; };
		2506BDE424708DD4006E4C4E /* StartView.swift */ = {isa = PBXFileReference; lastKnownFileType = sourcecode.swift; path = StartView.swift; sourceTree = "<group>"; };
		2506BDE624708FB8006E4C4E /* GameView.swift */ = {isa = PBXFileReference; lastKnownFileType = sourcecode.swift; path = GameView.swift; sourceTree = "<group>"; };
		2506BDE82471C182006E4C4E /* Game.swift */ = {isa = PBXFileReference; lastKnownFileType = sourcecode.swift; path = Game.swift; sourceTree = "<group>"; };
		2506BDEA2471D5EC006E4C4E /* WinView.swift */ = {isa = PBXFileReference; lastKnownFileType = sourcecode.swift; path = WinView.swift; sourceTree = "<group>"; };
		2506BDEC2471D610006E4C4E /* LoseView.swift */ = {isa = PBXFileReference; lastKnownFileType = sourcecode.swift; path = LoseView.swift; sourceTree = "<group>"; };
		2506BDEE2471D62C006E4C4E /* DrawView.swift */ = {isa = PBXFileReference; lastKnownFileType = sourcecode.swift; path = DrawView.swift; sourceTree = "<group>"; };
/* End PBXFileReference section */

/* Begin PBXFrameworksBuildPhase section */
		2506BDC924700CB3006E4C4E /* Frameworks */ = {
			isa = PBXFrameworksBuildPhase;
			buildActionMask = 2147483647;
			files = (
			);
			runOnlyForDeploymentPostprocessing = 0;
		};
/* End PBXFrameworksBuildPhase section */

/* Begin PBXGroup section */
		2506BDC324700CB3006E4C4E = {
			isa = PBXGroup;
			children = (
				2506BDCE24700CB3006E4C4E /* lab_1 */,
				2506BDCD24700CB3006E4C4E /* Products */,
			);
			sourceTree = "<group>";
		};
		2506BDCD24700CB3006E4C4E /* Products */ = {
			isa = PBXGroup;
			children = (
				2506BDCC24700CB3006E4C4E /* lab_1.app */,
			);
			name = Products;
			sourceTree = "<group>";
		};
		2506BDCE24700CB3006E4C4E /* lab_1 */ = {
			isa = PBXGroup;
			children = (
				2506BDE324708DB6006E4C4E /* Supporting Views */,
				2506BDCF24700CB3006E4C4E /* AppDelegate.swift */,
				2506BDD124700CB3006E4C4E /* SceneDelegate.swift */,
				2506BDD324700CB3006E4C4E /* ContentView.swift */,
				2506BDD524700CB9006E4C4E /* Assets.xcassets */,
				2506BDDA24700CBA006E4C4E /* LaunchScreen.storyboard */,
				2506BDDD24700CBA006E4C4E /* Info.plist */,
				2506BDD724700CBA006E4C4E /* Preview Content */,
				2506BDE82471C182006E4C4E /* Game.swift */,
			);
			path = lab_1;
			sourceTree = "<group>";
		};
		2506BDD724700CBA006E4C4E /* Preview Content */ = {
			isa = PBXGroup;
			children = (
				2506BDD824700CBA006E4C4E /* Preview Assets.xcassets */,
			);
			path = "Preview Content";
			sourceTree = "<group>";
		};
		2506BDE324708DB6006E4C4E /* Supporting Views */ = {
			isa = PBXGroup;
			children = (
				2506BDE424708DD4006E4C4E /* StartView.swift */,
				2506BDE624708FB8006E4C4E /* GameView.swift */,
				2506BDEA2471D5EC006E4C4E /* WinView.swift */,
				2506BDEC2471D610006E4C4E /* LoseView.swift */,
				2506BDEE2471D62C006E4C4E /* DrawView.swift */,
			);
			path = "Supporting Views";
			sourceTree = "<group>";
		};
/* End PBXGroup section */

/* Begin PBXNativeTarget section */
		2506BDCB24700CB3006E4C4E /* lab_1 */ = {
			isa = PBXNativeTarget;
			buildConfigurationList = 2506BDE024700CBA006E4C4E /* Build configuration list for PBXNativeTarget "lab_1" */;
			buildPhases = (
				2506BDC824700CB3006E4C4E /* Sources */,
				2506BDC924700CB3006E4C4E /* Frameworks */,
				2506BDCA24700CB3006E4C4E /* Resources */,
			);
			buildRules = (
			);
			dependencies = (
			);
			name = lab_1;
			productName = lab_1;
			productReference = 2506BDCC24700CB3006E4C4E /* lab_1.app */;
			productType = "com.apple.product-type.application";
		};
/* End PBXNativeTarget section */

/* Begin PBXProject section */
		2506BDC424700CB3006E4C4E /* Project object */ = {
			isa = PBXProject;
			attributes = {
				LastSwiftUpdateCheck = 1140;
				LastUpgradeCheck = 1140;
				ORGANIZATIONNAME = "Sergei Pshonnov";
				TargetAttributes = {
					2506BDCB24700CB3006E4C4E = {
						CreatedOnToolsVersion = 11.4.1;
					};
				};
			};
			buildConfigurationList = 2506BDC724700CB3006E4C4E /* Build configuration list for PBXProject "lab_1" */;
			compatibilityVersion = "Xcode 9.3";
			developmentRegion = en;
			hasScannedForEncodings = 0;
			knownRegions = (
				en,
				Base,
			);
			mainGroup = 2506BDC324700CB3006E4C4E;
			productRefGroup = 2506BDCD24700CB3006E4C4E /* Products */;
			projectDirPath = "";
			projectRoot = "";
			targets = (
				2506BDCB24700CB3006E4C4E /* lab_1 */,
			);
		};
/* End PBXProject section */

/* Begin PBXResourcesBuildPhase section */
		2506BDCA24700CB3006E4C4E /* Resources */ = {
			isa = PBXResourcesBuildPhase;
			buildActionMask = 2147483647;
			files = (
				2506BDDC24700CBA006E4C4E /* LaunchScreen.storyboard in Resources */,
				2506BDD924700CBA006E4C4E /* Preview Assets.xcassets in Resources */,
				2506BDD624700CB9006E4C4E /* Assets.xcassets in Resources */,
			);
			runOnlyForDeploymentPostprocessing = 0;
		};
/* End PBXResourcesBuildPhase section */

/* Begin PBXSourcesBuildPhase section */
		2506BDC824700CB3006E4C4E /* Sources */ = {
			isa = PBXSourcesBuildPhase;
			buildActionMask = 2147483647;
			files = (
				2506BDD024700CB3006E4C4E /* AppDelegate.swift in Sources */,
				2506BDEB2471D5EC006E4C4E /* WinView.swift in Sources */,
				2506BDE92471C183006E4C4E /* Game.swift in Sources */,
				2506BDD224700CB3006E4C4E /* SceneDelegate.swift in Sources */,
				2506BDD424700CB3006E4C4E /* ContentView.swift in Sources */,
				2506BDEF2471D62C006E4C4E /* DrawView.swift in Sources */,
				2506BDE524708DD4006E4C4E /* StartView.swift in Sources */,
				2506BDE724708FB8006E4C4E /* GameView.swift in Sources */,
				2506BDED2471D610006E4C4E /* LoseView.swift in Sources */,
			);
			runOnlyForDeploymentPostprocessing = 0;
		};
/* End PBXSourcesBuildPhase section */

/* Begin PBXVariantGroup section */
		2506BDDA24700CBA006E4C4E /* LaunchScreen.storyboard */ = {
			isa = PBXVariantGroup;
			children = (
				2506BDDB24700CBA006E4C4E /* Base */,
			);
			name = LaunchScreen.storyboard;
			sourceTree = "<group>";
		};
/* End PBXVariantGroup section */

/* Begin XCBuildConfiguration section */
		2506BDDE24700CBA006E4C4E /* Debug */ = {
			isa = XCBuildConfiguration;
			buildSettings = {
				ALWAYS_SEARCH_USER_PATHS = NO;
				CLANG_ANALYZER_NONNULL = YES;
				CLANG_ANALYZER_NUMBER_OBJECT_CONVERSION = YES_AGGRESSIVE;
				CLANG_CXX_LANGUAGE_STANDARD = "gnu++14";
				CLANG_CXX_LIBRARY = "libc++";
				CLANG_ENABLE_MODULES = YES;
				CLANG_ENABLE_OBJC_ARC = YES;
				CLANG_ENABLE_OBJC_WEAK = YES;
				CLANG_WARN_BLOCK_CAPTURE_AUTORELEASING = YES;
				CLANG_WARN_BOOL_CONVERSION = YES;
				CLANG_WARN_COMMA = YES;
				CLANG_WARN_CONSTANT_CONVERSION = YES;
				CLANG_WARN_DEPRECATED_OBJC_IMPLEMENTATIONS = YES;
				CLANG_WARN_DIRECT_OBJC_ISA_USAGE = YES_ERROR;
				CLANG_WARN_DOCUMENTATION_COMMENTS = YES;
				CLANG_WARN_EMPTY_BODY = YES;
				CLANG_WARN_ENUM_CONVERSION = YES;
				CLANG_WARN_INFINITE_RECURSION = YES;
				CLANG_WARN_INT_CONVERSION = YES;
				CLANG_WARN_NON_LITERAL_NULL_CONVERSION = YES;
				CLANG_WARN_OBJC_IMPLICIT_RETAIN_SELF = YES;
				CLANG_WARN_OBJC_LITERAL_CONVERSION = YES;
				CLANG_WARN_OBJC_ROOT_CLASS = YES_ERROR;
				CLANG_WARN_RANGE_LOOP_ANALYSIS = YES;
				CLANG_WARN_STRICT_PROTOTYPES = YES;
				CLANG_WARN_SUSPICIOUS_MOVE = YES;
				CLANG_WARN_UNGUARDED_AVAILABILITY = YES_AGGRESSIVE;
				CLANG_WARN_UNREACHABLE_CODE = YES;
				CLANG_WARN__DUPLICATE_METHOD_MATCH = YES;
				COPY_PHASE_STRIP = NO;
				DEBUG_INFORMATION_FORMAT = dwarf;
				ENABLE_STRICT_OBJC_MSGSEND = YES;
				ENABLE_TESTABILITY = YES;
				GCC_C_LANGUAGE_STANDARD = gnu11;
				GCC_DYNAMIC_NO_PIC = NO;
				GCC_NO_COMMON_BLOCKS = YES;
				GCC_OPTIMIZATION_LEVEL = 0;
				GCC_PREPROCESSOR_DEFINITIONS = (
					"DEBUG=1",
					"$(inherited)",
				);
				GCC_WARN_64_TO_32_BIT_CONVERSION = YES;
				GCC_WARN_ABOUT_RETURN_TYPE = YES_ERROR;
				GCC_WARN_UNDECLARED_SELECTOR = YES;
				GCC_WARN_UNINITIALIZED_AUTOS = YES_AGGRESSIVE;
				GCC_WARN_UNUSED_FUNCTION = YES;
				GCC_WARN_UNUSED_VARIABLE = YES;
				IPHONEOS_DEPLOYMENT_TARGET = 13.4;
				MTL_ENABLE_DEBUG_INFO = INCLUDE_SOURCE;
				MTL_FAST_MATH = YES;
				ONLY_ACTIVE_ARCH = YES;
				SDKROOT = iphoneos;
				SWIFT_ACTIVE_COMPILATION_CONDITIONS = DEBUG;
				SWIFT_OPTIMIZATION_LEVEL = "-Onone";
			};
			name = Debug;
		};
		2506BDDF24700CBA006E4C4E /* Release */ = {
			isa = XCBuildConfiguration;
			buildSettings = {
				ALWAYS_SEARCH_USER_PATHS = NO;
				CLANG_ANALYZER_NONNULL = YES;
				CLANG_ANALYZER_NUMBER_OBJECT_CONVERSION = YES_AGGRESSIVE;
				CLANG_CXX_LANGUAGE_STANDARD = "gnu++14";
				CLANG_CXX_LIBRARY = "libc++";
				CLANG_ENABLE_MODULES = YES;
				CLANG_ENABLE_OBJC_ARC = YES;
				CLANG_ENABLE_OBJC_WEAK = YES;
				CLANG_WARN_BLOCK_CAPTURE_AUTORELEASING = YES;
				CLANG_WARN_BOOL_CONVERSION = YES;
				CLANG_WARN_COMMA = YES;
				CLANG_WARN_CONSTANT_CONVERSION = YES;
				CLANG_WARN_DEPRECATED_OBJC_IMPLEMENTATIONS = YES;
				CLANG_WARN_DIRECT_OBJC_ISA_USAGE = YES_ERROR;
				CLANG_WARN_DOCUMENTATION_COMMENTS = YES;
				CLANG_WARN_EMPTY_BODY = YES;
				CLANG_WARN_ENUM_CONVERSION = YES;
				CLANG_WARN_INFINITE_RECURSION = YES;
				CLANG_WARN_INT_CONVERSION = YES;
				CLANG_WARN_NON_LITERAL_NULL_CONVERSION = YES;
				CLANG_WARN_OBJC_IMPLICIT_RETAIN_SELF = YES;
				CLANG_WARN_OBJC_LITERAL_CONVERSION = YES;
				CLANG_WARN_OBJC_ROOT_CLASS = YES_ERROR;
				CLANG_WARN_RANGE_LOOP_ANALYSIS = YES;
				CLANG_WARN_STRICT_PROTOTYPES = YES;
				CLANG_WARN_SUSPICIOUS_MOVE = YES;
				CLANG_WARN_UNGUARDED_AVAILABILITY = YES_AGGRESSIVE;
				CLANG_WARN_UNREACHABLE_CODE = YES;
				CLANG_WARN__DUPLICATE_METHOD_MATCH = YES;
				COPY_PHASE_STRIP = NO;
				DEBUG_INFORMATION_FORMAT = "dwarf-with-dsym";
				ENABLE_NS_ASSERTIONS = NO;
				ENABLE_STRICT_OBJC_MSGSEND = YES;
				GCC_C_LANGUAGE_STANDARD = gnu11;
				GCC_NO_COMMON_BLOCKS = YES;
				GCC_WARN_64_TO_32_BIT_CONVERSION = YES;
				GCC_WARN_ABOUT_RETURN_TYPE = YES_ERROR;
				GCC_WARN_UNDECLARED_SELECTOR = YES;
				GCC_WARN_UNINITIALIZED_AUTOS = YES_AGGRESSIVE;
				GCC_WARN_UNUSED_FUNCTION = YES;
				GCC_WARN_UNUSED_VARIABLE = YES;
				IPHONEOS_DEPLOYMENT_TARGET = 13.4;
				MTL_ENABLE_DEBUG_INFO = NO;
				MTL_FAST_MATH = YES;
				SDKROOT = iphoneos;
				SWIFT_COMPILATION_MODE = wholemodule;
				SWIFT_OPTIMIZATION_LEVEL = "-O";
				VALIDATE_PRODUCT = YES;
			};
			name = Release;
		};
		2506BDE124700CBA006E4C4E /* Debug */ = {
			isa = XCBuildConfiguration;
			buildSettings = {
				ASSETCATALOG_COMPILER_APPICON_NAME = AppIcon;
				CODE_SIGN_STYLE = Automatic;
				DEVELOPMENT_ASSET_PATHS = "\"lab_1/Preview Content\"";
				DEVELOPMENT_TEAM = 38HS7VX547;
				ENABLE_PREVIEWS = YES;
				INFOPLIST_FILE = lab_1/Info.plist;
				LD_RUNPATH_SEARCH_PATHS = (
					"$(inherited)",
					"@executable_path/Frameworks",
				);
				PRODUCT_BUNDLE_IDENTIFIER = "com.SergeiPshonnov.lab-1";
				PRODUCT_NAME = "$(TARGET_NAME)";
				SWIFT_VERSION = 5.0;
				TARGETED_DEVICE_FAMILY = "1,2";
			};
			name = Debug;
		};
		2506BDE224700CBA006E4C4E /* Release */ = {
			isa = XCBuildConfiguration;
			buildSettings = {
				ASSETCATALOG_COMPILER_APPICON_NAME = AppIcon;
				CODE_SIGN_STYLE = Automatic;
				DEVELOPMENT_ASSET_PATHS = "\"lab_1/Preview Content\"";
				DEVELOPMENT_TEAM = 38HS7VX547;
				ENABLE_PREVIEWS = YES;
				INFOPLIST_FILE = lab_1/Info.plist;
				LD_RUNPATH_SEARCH_PATHS = (
					"$(inherited)",
					"@executable_path/Frameworks",
				);
				PRODUCT_BUNDLE_IDENTIFIER = "com.SergeiPshonnov.lab-1";
				PRODUCT_NAME = "$(TARGET_NAME)";
				SWIFT_VERSION = 5.0;
				TARGETED_DEVICE_FAMILY = "1,2";
			};
			name = Release;
		};
/* End XCBuildConfiguration section */

/* Begin XCConfigurationList section */
		2506BDC724700CB3006E4C4E /* Build configuration list for PBXProject "lab_1" */ = {
			isa = XCConfigurationList;
			buildConfigurations = (
				2506BDDE24700CBA006E4C4E /* Debug */,
				2506BDDF24700CBA006E4C4E /* Release */,
			);
			defaultConfigurationIsVisible = 0;
			defaultConfigurationName = Release;
		};
		2506BDE024700CBA006E4C4E /* Build configuration list for PBXNativeTarget "lab_1" */ = {
			isa = XCConfigurationList;
			buildConfigurations = (
				2506BDE124700CBA006E4C4E /* Debug */,
				2506BDE224700CBA006E4C4E /* Release */,
			);
			defaultConfigurationIsVisible = 0;
			defaultConfigurationName = Release;
		};
/* End XCConfigurationList section */
	};
	rootObject = 2506BDC424700CB3006E4C4E /* Project object */;
}
